{
  "name": "ajc2",
  "version": "1.0.0",
  "lockfileVersion": 3,
  "requires": true,
  "packages": {
    "": {
      "name": "ajc2",
      "version": "1.0.0",
      "license": "ISC",
      "dependencies": {
        "@evgeniinoname/ajs": "^1.0.0"
      }
    },
    "node_modules/@evgeniinoname/ajs": {
      "version": "1.0.0",
      "resolved": "https://npm.pkg.github.com/download/@evgeniinoname/ajs/1.0.0/a07e351214708090b85c5ba41781742683b2e3b3",
      "integrity": "sha512-ehjKdeqTQjQcPQ3SD96ozHnvbCIybTMoKLzinugqt8s4VctBxYHu6cZsk/Sw1n7BLxbSIxWvnSPryVnpSeVfdA==",
      "license": "ISC"
    }
  }
}
